
Microsoft Visual Studio Solution File, Format Version 12.00
# Visual Studio Version 17
VisualStudioVersion = 17.4.33213.308
MinimumVisualStudioVersion = 10.0.40219.1
Project("{FAE04EC0-301F-11D3-BF4B-00C04F79EFBC}") = "LabFive", "LabFive\LabFive.csproj", "{BC017E32-6F87-472C-A498-D009BFF7999F}"
EndProject
Global
	GlobalSection(SolutionConfigurationPlatforms) = preSolution
		Debug|Any CPU = Debug|Any CPU
		Release|Any CPU = Release|Any CPU
	EndGlobalSection
	GlobalSection(ProjectConfigurationPlatforms) = postSolution
		{BC017E32-6F87-472C-A498-D009BFF7999F}.Debug|Any CPU.ActiveCfg = Debug|Any CPU
		{BC017E32-6F87-472C-A498-D009BFF7999F}.Debug|Any CPU.Build.0 = Debug|Any CPU
		{BC017E32-6F87-472C-A498-D009BFF7999F}.Release|Any CPU.ActiveCfg = Release|Any CPU
		{BC017E32-6F87-472C-A498-D009BFF7999F}.Release|Any CPU.Build.0 = Release|Any CPU
	EndGlobalSection
	GlobalSection(SolutionProperties) = preSolution
		HideSolutionNode = FALSE
	EndGlobalSection
	GlobalSection(ExtensibilityGlobals) = postSolution
		SolutionGuid = {8E90F80B-9FCB-403E-84C0-F5B97B0CBFAA}
	EndGlobalSection
EndGlobal
